
Microsoft Visual Studio Solution File, Format Version 12.00
# Visual Studio Version 17
VisualStudioVersion = 17.11.35327.3
MinimumVisualStudioVersion = 10.0.40219.1
Project("{9A19103F-16F7-4668-BE54-9A1E7A4F7556}") = "OrderingSystsem", "OrderingSystsem.csproj", "{6499C01E-F652-4D11-82AB-1805EF0B719D}"
EndProject
Global
	GlobalSection(SolutionConfigurationPlatforms) = preSolution
		Debug|Any CPU = Debug|Any CPU
		Release|Any CPU = Release|Any CPU
	EndGlobalSection
	GlobalSection(ProjectConfigurationPlatforms) = postSolution
		{6499C01E-F652-4D11-82AB-1805EF0B719D}.Debug|Any CPU.ActiveCfg = Debug|Any CPU
		{6499C01E-F652-4D11-82AB-1805EF0B719D}.Debug|Any CPU.Build.0 = Debug|Any CPU
		{6499C01E-F652-4D11-82AB-1805EF0B719D}.Release|Any CPU.ActiveCfg = Release|Any CPU
		{6499C01E-F652-4D11-82AB-1805EF0B719D}.Release|Any CPU.Build.0 = Release|Any CPU
	EndGlobalSection
	GlobalSection(SolutionProperties) = preSolution
		HideSolutionNode = FALSE
	EndGlobalSection
	GlobalSection(ExtensibilityGlobals) = postSolution
		SolutionGuid = {661513E8-9D0F-4992-81A0-CB6976E7EA6E}
	EndGlobalSection
EndGlobal
